// !$*UTF8*$!
{
	archiveVersion = 1;
	classes = {
	};
	objectVersion = 50;
	objects = {

/* Begin PBXBuildFile section */
		3F54F480246AFD3D0046841E /* AppDelegate.swift in Sources */ = {isa = PBXBuildFile; fileRef = 3F54F47F246AFD3D0046841E /* AppDelegate.swift */; };
		3F54F482246AFD3D0046841E /* SceneDelegate.swift in Sources */ = {isa = PBXBuildFile; fileRef = 3F54F481246AFD3D0046841E /* SceneDelegate.swift */; };
		3F54F484246AFD3D0046841E /* ContentView.swift in Sources */ = {isa = PBXBuildFile; fileRef = 3F54F483246AFD3D0046841E /* ContentView.swift */; };
		3F54F486246AFD3F0046841E /* Assets.xcassets in Resources */ = {isa = PBXBuildFile; fileRef = 3F54F485246AFD3F0046841E /* Assets.xcassets */; };
		3F54F489246AFD3F0046841E /* Preview Assets.xcassets in Resources */ = {isa = PBXBuildFile; fileRef = 3F54F488246AFD3F0046841E /* Preview Assets.xcassets */; };
		3F54F48C246AFD3F0046841E /* LaunchScreen.storyboard in Resources */ = {isa = PBXBuildFile; fileRef = 3F54F48A246AFD3F0046841E /* LaunchScreen.storyboard */; };
		3F54F497246AFD3F0046841E /* LengthConverterTests.swift in Sources */ = {isa = PBXBuildFile; fileRef = 3F54F496246AFD3F0046841E /* LengthConverterTests.swift */; };
		3F54F4A2246AFD3F0046841E /* LengthConverterUITests.swift in Sources */ = {isa = PBXBuildFile; fileRef = 3F54F4A1246AFD3F0046841E /* LengthConverterUITests.swift */; };
/* End PBXBuildFile section */

/* Begin PBXContainerItemProxy section */
		3F54F493246AFD3F0046841E /* PBXContainerItemProxy */ = {
			isa = PBXContainerItemProxy;
			containerPortal = 3F54F474246AFD3D0046841E /* Project object */;
			proxyType = 1;
			remoteGlobalIDString = 3F54F47B246AFD3D0046841E;
			remoteInfo = LengthConverter;
		};
		3F54F49E246AFD3F0046841E /* PBXContainerItemProxy */ = {
			isa = PBXContainerItemProxy;
			containerPortal = 3F54F474246AFD3D0046841E /* Project object */;
			proxyType = 1;
			remoteGlobalIDString = 3F54F47B246AFD3D0046841E;
			remoteInfo = LengthConverter;
		};
/* End PBXContainerItemProxy section */

/* Begin PBXFileReference section */
		3F54F47C246AFD3D0046841E /* LengthConverter.app */ = {isa = PBXFileReference; explicitFileType = wrapper.application; includeInIndex = 0; path = LengthConverter.app; sourceTree = BUILT_PRODUCTS_DIR; };
		3F54F47F246AFD3D0046841E /* AppDelegate.swift */ = {isa = PBXFileReference; lastKnownFileType = sourcecode.swift; path = AppDelegate.swift; sourceTree = "<group>"; };
		3F54F481246AFD3D0046841E /* SceneDelegate.swift */ = {isa = PBXFileReference; lastKnownFileType = sourcecode.swift; path = SceneDelegate.swift; sourceTree = "<group>"; };
		3F54F483246AFD3D0046841E /* ContentView.swift */ = {isa = PBXFileReference; lastKnownFileType = sourcecode.swift; path = ContentView.swift; sourceTree = "<group>"; };
		3F54F485246AFD3F0046841E /* Assets.xcassets */ = {isa = PBXFileReference; lastKnownFileType = folder.assetcatalog; path = Assets.xcassets; sourceTree = "<group>"; };
		3F54F488246AFD3F0046841E /* Preview Assets.xcassets */ = {isa = PBXFileReference; lastKnownFileType = folder.assetcatalog; path = "Preview Assets.xcassets"; sourceTree = "<group>"; };
		3F54F48B246AFD3F0046841E /* Base */ = {isa = PBXFileReference; lastKnownFileType = file.storyboard; name = Base; path = Base.lproj/LaunchScreen.storyboard; sourceTree = "<group>"; };
		3F54F48D246AFD3F0046841E /* Info.plist */ = {isa = PBXFileReference; lastKnownFileType = text.plist.xml; path = Info.plist; sourceTree = "<group>"; };
		3F54F492246AFD3F0046841E /* LengthConverterTests.xctest */ = {isa = PBXFileReference; explicitFileType = wrapper.cfbundle; includeInIndex = 0; path = LengthConverterTests.xctest; sourceTree = BUILT_PRODUCTS_DIR; };
		3F54F496246AFD3F0046841E /* LengthConverterTests.swift */ = {isa = PBXFileReference; lastKnownFileType = sourcecode.swift; path = LengthConverterTests.swift; sourceTree = "<group>"; };
		3F54F498246AFD3F0046841E /* Info.plist */ = {isa = PBXFileReference; lastKnownFileType = text.plist.xml; path = Info.plist; sourceTree = "<group>"; };
		3F54F49D246AFD3F0046841E /* LengthConverterUITests.xctest */ = {isa = PBXFileReference; explicitFileType = wrapper.cfbundle; includeInIndex = 0; path = LengthConverterUITests.xctest; sourceTree = BUILT_PRODUCTS_DIR; };
		3F54F4A1246AFD3F0046841E /* LengthConverterUITests.swift */ = {isa = PBXFileReference; lastKnownFileType = sourcecode.swift; path = LengthConverterUITests.swift; sourceTree = "<group>"; };
		3F54F4A3246AFD3F0046841E /* Info.plist */ = {isa = PBXFileReference; lastKnownFileType = text.plist.xml; path = Info.plist; sourceTree = "<group>"; };
/* End PBXFileReference section */

/* Begin PBXFrameworksBuildPhase section */
		3F54F479246AFD3D0046841E /* Frameworks */ = {
			isa = PBXFrameworksBuildPhase;
			buildActionMask = 2147483647;
			files = (
			);
			runOnlyForDeploymentPostprocessing = 0;
		};
		3F54F48F246AFD3F0046841E /* Frameworks */ = {
			isa = PBXFrameworksBuildPhase;
			buildActionMask = 2147483647;
			files = (
			);
			runOnlyForDeploymentPostprocessing = 0;
		};
		3F54F49A246AFD3F0046841E /* Frameworks */ = {
			isa = PBXFrameworksBuildPhase;
			buildActionMask = 2147483647;
			files = (
			);
			runOnlyForDeploymentPostprocessing = 0;
		};
/* End PBXFrameworksBuildPhase section */

/* Begin PBXGroup section */
		3F54F473246AFD3D0046841E = {
			isa = PBXGroup;
			children = (
				3F54F47E246AFD3D0046841E /* LengthConverter */,
				3F54F495246AFD3F0046841E /* LengthConverterTests */,
				3F54F4A0246AFD3F0046841E /* LengthConverterUITests */,
				3F54F47D246AFD3D0046841E /* Products */,
			);
			sourceTree = "<group>";
		};
		3F54F47D246AFD3D0046841E /* Products */ = {
			isa = PBXGroup;
			children = (
				3F54F47C246AFD3D0046841E /* LengthConverter.app */,
				3F54F492246AFD3F0046841E /* LengthConverterTests.xctest */,
				3F54F49D246AFD3F0046841E /* LengthConverterUITests.xctest */,
			);
			name = Products;
			sourceTree = "<group>";
		};
		3F54F47E246AFD3D0046841E /* LengthConverter */ = {
			isa = PBXGroup;
			children = (
				3F54F47F246AFD3D0046841E /* AppDelegate.swift */,
				3F54F481246AFD3D0046841E /* SceneDelegate.swift */,
				3F54F483246AFD3D0046841E /* ContentView.swift */,
				3F54F485246AFD3F0046841E /* Assets.xcassets */,
				3F54F48A246AFD3F0046841E /* LaunchScreen.storyboard */,
				3F54F48D246AFD3F0046841E /* Info.plist */,
				3F54F487246AFD3F0046841E /* Preview Content */,
			);
			path = LengthConverter;
			sourceTree = "<group>";
		};
		3F54F487246AFD3F0046841E /* Preview Content */ = {
			isa = PBXGroup;
			children = (
				3F54F488246AFD3F0046841E /* Preview Assets.xcassets */,
			);
			path = "Preview Content";
			sourceTree = "<group>";
		};
		3F54F495246AFD3F0046841E /* LengthConverterTests */ = {
			isa = PBXGroup;
			children = (
				3F54F496246AFD3F0046841E /* LengthConverterTests.swift */,
				3F54F498246AFD3F0046841E /* Info.plist */,
			);
			path = LengthConverterTests;
			sourceTree = "<group>";
		};
		3F54F4A0246AFD3F0046841E /* LengthConverterUITests */ = {
			isa = PBXGroup;
			children = (
				3F54F4A1246AFD3F0046841E /* LengthConverterUITests.swift */,
				3F54F4A3246AFD3F0046841E /* Info.plist */,
			);
			path = LengthConverterUITests;
			sourceTree = "<group>";
		};
/* End PBXGroup section */

/* Begin PBXNativeTarget section */
		3F54F47B246AFD3D0046841E /* LengthConverter */ = {
			isa = PBXNativeTarget;
			buildConfigurationList = 3F54F4A6246AFD3F0046841E /* Build configuration list for PBXNativeTarget "LengthConverter" */;
			buildPhases = (
				3F54F478246AFD3D0046841E /* Sources */,
				3F54F479246AFD3D0046841E /* Frameworks */,
				3F54F47A246AFD3D0046841E /* Resources */,
			);
			buildRules = (
			);
			dependencies = (
			);
			name = LengthConverter;
			productName = LengthConverter;
			productReference = 3F54F47C246AFD3D0046841E /* LengthConverter.app */;
			productType = "com.apple.product-type.application";
		};
		3F54F491246AFD3F0046841E /* LengthConverterTests */ = {
			isa = PBXNativeTarget;
			buildConfigurationList = 3F54F4A9246AFD3F0046841E /* Build configuration list for PBXNativeTarget "LengthConverterTests" */;
			buildPhases = (
				3F54F48E246AFD3F0046841E /* Sources */,
				3F54F48F246AFD3F0046841E /* Frameworks */,
				3F54F490246AFD3F0046841E /* Resources */,
			);
			buildRules = (
			);
			dependencies = (
				3F54F494246AFD3F0046841E /* PBXTargetDependency */,
			);
			name = LengthConverterTests;
			productName = LengthConverterTests;
			productReference = 3F54F492246AFD3F0046841E /* LengthConverterTests.xctest */;
			productType = "com.apple.product-type.bundle.unit-test";
		};
		3F54F49C246AFD3F0046841E /* LengthConverterUITests */ = {
			isa = PBXNativeTarget;
			buildConfigurationList = 3F54F4AC246AFD3F0046841E /* Build configuration list for PBXNativeTarget "LengthConverterUITests" */;
			buildPhases = (
				3F54F499246AFD3F0046841E /* Sources */,
				3F54F49A246AFD3F0046841E /* Frameworks */,
				3F54F49B246AFD3F0046841E /* Resources */,
			);
			buildRules = (
			);
			dependencies = (
				3F54F49F246AFD3F0046841E /* PBXTargetDependency */,
			);
			name = LengthConverterUITests;
			productName = LengthConverterUITests;
			productReference = 3F54F49D246AFD3F0046841E /* LengthConverterUITests.xctest */;
			productType = "com.apple.product-type.bundle.ui-testing";
		};
/* End PBXNativeTarget section */

/* Begin PBXProject section */
		3F54F474246AFD3D0046841E /* Project object */ = {
			isa = PBXProject;
			attributes = {
				LastSwiftUpdateCheck = 1140;
				LastUpgradeCheck = 1140;
				ORGANIZATIONNAME = "Massimo Polimeni";
				TargetAttributes = {
					3F54F47B246AFD3D0046841E = {
						CreatedOnToolsVersion = 11.4.1;
					};
					3F54F491246AFD3F0046841E = {
						CreatedOnToolsVersion = 11.4.1;
						TestTargetID = 3F54F47B246AFD3D0046841E;
					};
					3F54F49C246AFD3F0046841E = {
						CreatedOnToolsVersion = 11.4.1;
						TestTargetID = 3F54F47B246AFD3D0046841E;
					};
				};
			};
			buildConfigurationList = 3F54F477246AFD3D0046841E /* Build configuration list for PBXProject "LengthConverter" */;
			compatibilityVersion = "Xcode 9.3";
			developmentRegion = en;
			hasScannedForEncodings = 0;
			knownRegions = (
				en,
				Base,
			);
			mainGroup = 3F54F473246AFD3D0046841E;
			productRefGroup = 3F54F47D246AFD3D0046841E /* Products */;
			projectDirPath = "";
			projectRoot = "";
			targets = (
				3F54F47B246AFD3D0046841E /* LengthConverter */,
				3F54F491246AFD3F0046841E /* LengthConverterTests */,
				3F54F49C246AFD3F0046841E /* LengthConverterUITests */,
			);
		};
/* End PBXProject section */

/* Begin PBXResourcesBuildPhase section */
		3F54F47A246AFD3D0046841E /* Resources */ = {
			isa = PBXResourcesBuildPhase;
			buildActionMask = 2147483647;
			files = (
				3F54F48C246AFD3F0046841E /* LaunchScreen.storyboard in Resources */,
				3F54F489246AFD3F0046841E /* Preview Assets.xcassets in Resources */,
				3F54F486246AFD3F0046841E /* Assets.xcassets in Resources */,
			);
			runOnlyForDeploymentPostprocessing = 0;
		};
		3F54F490246AFD3F0046841E /* Resources */ = {
			isa = PBXResourcesBuildPhase;
			buildActionMask = 2147483647;
			files = (
			);
			runOnlyForDeploymentPostprocessing = 0;
		};
		3F54F49B246AFD3F0046841E /* Resources */ = {
			isa = PBXResourcesBuildPhase;
			buildActionMask = 2147483647;
			files = (
			);
			runOnlyForDeploymentPostprocessing = 0;
		};
/* End PBXResourcesBuildPhase section */

/* Begin PBXSourcesBuildPhase section */
		3F54F478246AFD3D0046841E /* Sources */ = {
			isa = PBXSourcesBuildPhase;
			buildActionMask = 2147483647;
			files = (
				3F54F480246AFD3D0046841E /* AppDelegate.swift in Sources */,
				3F54F482246AFD3D0046841E /* SceneDelegate.swift in Sources */,
				3F54F484246AFD3D0046841E /* ContentView.swift in Sources */,
			);
			runOnlyForDeploymentPostprocessing = 0;
		};
		3F54F48E246AFD3F0046841E /* Sources */ = {
			isa = PBXSourcesBuildPhase;
			buildActionMask = 2147483647;
			files = (
				3F54F497246AFD3F0046841E /* LengthConverterTests.swift in Sources */,
			);
			runOnlyForDeploymentPostprocessing = 0;
		};
		3F54F499246AFD3F0046841E /* Sources */ = {
			isa = PBXSourcesBuildPhase;
			buildActionMask = 2147483647;
			files = (
				3F54F4A2246AFD3F0046841E /* LengthConverterUITests.swift in Sources */,
			);
			runOnlyForDeploymentPostprocessing = 0;
		};
/* End PBXSourcesBuildPhase section */

/* Begin PBXTargetDependency section */
		3F54F494246AFD3F0046841E /* PBXTargetDependency */ = {
			isa = PBXTargetDependency;
			target = 3F54F47B246AFD3D0046841E /* LengthConverter */;
			targetProxy = 3F54F493246AFD3F0046841E /* PBXContainerItemProxy */;
		};
		3F54F49F246AFD3F0046841E /* PBXTargetDependency */ = {
			isa = PBXTargetDependency;
			target = 3F54F47B246AFD3D0046841E /* LengthConverter */;
			targetProxy = 3F54F49E246AFD3F0046841E /* PBXContainerItemProxy */;
		};
/* End PBXTargetDependency section */

/* Begin PBXVariantGroup section */
		3F54F48A246AFD3F0046841E /* LaunchScreen.storyboard */ = {
			isa = PBXVariantGroup;
			children = (
				3F54F48B246AFD3F0046841E /* Base */,
			);
			name = LaunchScreen.storyboard;
			sourceTree = "<group>";
		};
/* End PBXVariantGroup section */

/* Begin XCBuildConfiguration section */
		3F54F4A4246AFD3F0046841E /* Debug */ = {
			isa = XCBuildConfiguration;
			buildSettings = {
				ALWAYS_SEARCH_USER_PATHS = NO;
				CLANG_ANALYZER_NONNULL = YES;
				CLANG_ANALYZER_NUMBER_OBJECT_CONVERSION = YES_AGGRESSIVE;
				CLANG_CXX_LANGUAGE_STANDARD = "gnu++14";
				CLANG_CXX_LIBRARY = "libc++";
				CLANG_ENABLE_MODULES = YES;
				CLANG_ENABLE_OBJC_ARC = YES;
				CLANG_ENABLE_OBJC_WEAK = YES;
				CLANG_WARN_BLOCK_CAPTURE_AUTORELEASING = YES;
				CLANG_WARN_BOOL_CONVERSION = YES;
				CLANG_WARN_COMMA = YES;
				CLANG_WARN_CONSTANT_CONVERSION = YES;
				CLANG_WARN_DEPRECATED_OBJC_IMPLEMENTATIONS = YES;
				CLANG_WARN_DIRECT_OBJC_ISA_USAGE = YES_ERROR;
				CLANG_WARN_DOCUMENTATION_COMMENTS = YES;
				CLANG_WARN_EMPTY_BODY = YES;
				CLANG_WARN_ENUM_CONVERSION = YES;
				CLANG_WARN_INFINITE_RECURSION = YES;
				CLANG_WARN_INT_CONVERSION = YES;
				CLANG_WARN_NON_LITERAL_NULL_CONVERSION = YES;
				CLANG_WARN_OBJC_IMPLICIT_RETAIN_SELF = YES;
				CLANG_WARN_OBJC_LITERAL_CONVERSION = YES;
				CLANG_WARN_OBJC_ROOT_CLASS = YES_ERROR;
				CLANG_WARN_RANGE_LOOP_ANALYSIS = YES;
				CLANG_WARN_STRICT_PROTOTYPES = YES;
				CLANG_WARN_SUSPICIOUS_MOVE = YES;
				CLANG_WARN_UNGUARDED_AVAILABILITY = YES_AGGRESSIVE;
				CLANG_WARN_UNREACHABLE_CODE = YES;
				CLANG_WARN__DUPLICATE_METHOD_MATCH = YES;
				COPY_PHASE_STRIP = NO;
				DEBUG_INFORMATION_FORMAT = dwarf;
				ENABLE_STRICT_OBJC_MSGSEND = YES;
				ENABLE_TESTABILITY = YES;
				GCC_C_LANGUAGE_STANDARD = gnu11;
				GCC_DYNAMIC_NO_PIC = NO;
				GCC_NO_COMMON_BLOCKS = YES;
				GCC_OPTIMIZATION_LEVEL = 0;
				GCC_PREPROCESSOR_DEFINITIONS = (
					"DEBUG=1",
					"$(inherited)",
				);
				GCC_WARN_64_TO_32_BIT_CONVERSION = YES;
				GCC_WARN_ABOUT_RETURN_TYPE = YES_ERROR;
				GCC_WARN_UNDECLARED_SELECTOR = YES;
				GCC_WARN_UNINITIALIZED_AUTOS = YES_AGGRESSIVE;
				GCC_WARN_UNUSED_FUNCTION = YES;
				GCC_WARN_UNUSED_VARIABLE = YES;
				IPHONEOS_DEPLOYMENT_TARGET = 13.4;
				MTL_ENABLE_DEBUG_INFO = INCLUDE_SOURCE;
				MTL_FAST_MATH = YES;
				ONLY_ACTIVE_ARCH = YES;
				SDKROOT = iphoneos;
				SWIFT_ACTIVE_COMPILATION_CONDITIONS = DEBUG;
				SWIFT_OPTIMIZATION_LEVEL = "-Onone";
			};
			name = Debug;
		};
		3F54F4A5246AFD3F0046841E /* Release */ = {
			isa = XCBuildConfiguration;
			buildSettings = {
				ALWAYS_SEARCH_USER_PATHS = NO;
				CLANG_ANALYZER_NONNULL = YES;
				CLANG_ANALYZER_NUMBER_OBJECT_CONVERSION = YES_AGGRESSIVE;
				CLANG_CXX_LANGUAGE_STANDARD = "gnu++14";
				CLANG_CXX_LIBRARY = "libc++";
				CLANG_ENABLE_MODULES = YES;
				CLANG_ENABLE_OBJC_ARC = YES;
				CLANG_ENABLE_OBJC_WEAK = YES;
				CLANG_WARN_BLOCK_CAPTURE_AUTORELEASING = YES;
				CLANG_WARN_BOOL_CONVERSION = YES;
				CLANG_WARN_COMMA = YES;
				CLANG_WARN_CONSTANT_CONVERSION = YES;
				CLANG_WARN_DEPRECATED_OBJC_IMPLEMENTATIONS = YES;
				CLANG_WARN_DIRECT_OBJC_ISA_USAGE = YES_ERROR;
				CLANG_WARN_DOCUMENTATION_COMMENTS = YES;
				CLANG_WARN_EMPTY_BODY = YES;
				CLANG_WARN_ENUM_CONVERSION = YES;
				CLANG_WARN_INFINITE_RECURSION = YES;
				CLANG_WARN_INT_CONVERSION = YES;
				CLANG_WARN_NON_LITERAL_NULL_CONVERSION = YES;
				CLANG_WARN_OBJC_IMPLICIT_RETAIN_SELF = YES;
				CLANG_WARN_OBJC_LITERAL_CONVERSION = YES;
				CLANG_WARN_OBJC_ROOT_CLASS = YES_ERROR;
				CLANG_WARN_RANGE_LOOP_ANALYSIS = YES;
				CLANG_WARN_STRICT_PROTOTYPES = YES;
				CLANG_WARN_SUSPICIOUS_MOVE = YES;
				CLANG_WARN_UNGUARDED_AVAILABILITY = YES_AGGRESSIVE;
				CLANG_WARN_UNREACHABLE_CODE = YES;
				CLANG_WARN__DUPLICATE_METHOD_MATCH = YES;
				COPY_PHASE_STRIP = NO;
				DEBUG_INFORMATION_FORMAT = "dwarf-with-dsym";
				ENABLE_NS_ASSERTIONS = NO;
				ENABLE_STRICT_OBJC_MSGSEND = YES;
				GCC_C_LANGUAGE_STANDARD = gnu11;
				GCC_NO_COMMON_BLOCKS = YES;
				GCC_WARN_64_TO_32_BIT_CONVERSION = YES;
				GCC_WARN_ABOUT_RETURN_TYPE = YES_ERROR;
				GCC_WARN_UNDECLARED_SELECTOR = YES;
				GCC_WARN_UNINITIALIZED_AUTOS = YES_AGGRESSIVE;
				GCC_WARN_UNUSED_FUNCTION = YES;
				GCC_WARN_UNUSED_VARIABLE = YES;
				IPHONEOS_DEPLOYMENT_TARGET = 13.4;
				MTL_ENABLE_DEBUG_INFO = NO;
				MTL_FAST_MATH = YES;
				SDKROOT = iphoneos;
				SWIFT_COMPILATION_MODE = wholemodule;
				SWIFT_OPTIMIZATION_LEVEL = "-O";
				VALIDATE_PRODUCT = YES;
			};
			name = Release;
		};
		3F54F4A7246AFD3F0046841E /* Debug */ = {
			isa = XCBuildConfiguration;
			buildSettings = {
				ASSETCATALOG_COMPILER_APPICON_NAME = AppIcon;
				CODE_SIGN_STYLE = Automatic;
				DEVELOPMENT_ASSET_PATHS = "\"LengthConverter/Preview Content\"";
				ENABLE_PREVIEWS = YES;
				INFOPLIST_FILE = LengthConverter/Info.plist;
				LD_RUNPATH_SEARCH_PATHS = (
					"$(inherited)",
					"@executable_path/Frameworks",
				);
				PRODUCT_BUNDLE_IDENTIFIER = massimopolimeni.LengthConverter;
				PRODUCT_NAME = "$(TARGET_NAME)";
				SWIFT_VERSION = 5.0;
				TARGETED_DEVICE_FAMILY = "1,2";
			};
			name = Debug;
		};
		3F54F4A8246AFD3F0046841E /* Release */ = {
			isa = XCBuildConfiguration;
			buildSettings = {
				ASSETCATALOG_COMPILER_APPICON_NAME = AppIcon;
				CODE_SIGN_STYLE = Automatic;
				DEVELOPMENT_ASSET_PATHS = "\"LengthConverter/Preview Content\"";
				ENABLE_PREVIEWS = YES;
				INFOPLIST_FILE = LengthConverter/Info.plist;
				LD_RUNPATH_SEARCH_PATHS = (
					"$(inherited)",
					"@executable_path/Frameworks",
				);
				PRODUCT_BUNDLE_IDENTIFIER = massimopolimeni.LengthConverter;
				PRODUCT_NAME = "$(TARGET_NAME)";
				SWIFT_VERSION = 5.0;
				TARGETED_DEVICE_FAMILY = "1,2";
			};
			name = Release;
		};
		3F54F4AA246AFD3F0046841E /* Debug */ = {
			isa = XCBuildConfiguration;
			buildSettings = {
				ALWAYS_EMBED_SWIFT_STANDARD_LIBRARIES = YES;
				BUNDLE_LOADER = "$(TEST_HOST)";
				CODE_SIGN_STYLE = Automatic;
				INFOPLIST_FILE = LengthConverterTests/Info.plist;
				IPHONEOS_DEPLOYMENT_TARGET = 13.4;
				LD_RUNPATH_SEARCH_PATHS = (
					"$(inherited)",
					"@executable_path/Frameworks",
					"@loader_path/Frameworks",
				);
				PRODUCT_BUNDLE_IDENTIFIER = massimopolimeni.LengthConverterTests;
				PRODUCT_NAME = "$(TARGET_NAME)";
				SWIFT_VERSION = 5.0;
				TARGETED_DEVICE_FAMILY = "1,2";
				TEST_HOST = "$(BUILT_PRODUCTS_DIR)/LengthConverter.app/LengthConverter";
			};
			name = Debug;
		};
		3F54F4AB246AFD3F0046841E /* Release */ = {
			isa = XCBuildConfiguration;
			buildSettings = {
				ALWAYS_EMBED_SWIFT_STANDARD_LIBRARIES = YES;
				BUNDLE_LOADER = "$(TEST_HOST)";
				CODE_SIGN_STYLE = Automatic;
				INFOPLIST_FILE = LengthConverterTests/Info.plist;
				IPHONEOS_DEPLOYMENT_TARGET = 13.4;
				LD_RUNPATH_SEARCH_PATHS = (
					"$(inherited)",
					"@executable_path/Frameworks",
					"@loader_path/Frameworks",
				);
				PRODUCT_BUNDLE_IDENTIFIER = massimopolimeni.LengthConverterTests;
				PRODUCT_NAME = "$(TARGET_NAME)";
				SWIFT_VERSION = 5.0;
				TARGETED_DEVICE_FAMILY = "1,2";
				TEST_HOST = "$(BUILT_PRODUCTS_DIR)/LengthConverter.app/LengthConverter";
			};
			name = Release;
		};
		3F54F4AD246AFD3F0046841E /* Debug */ = {
			isa = XCBuildConfiguration;
			buildSettings = {
				ALWAYS_EMBED_SWIFT_STANDARD_LIBRARIES = YES;
				CODE_SIGN_STYLE = Automatic;
				INFOPLIST_FILE = LengthConverterUITests/Info.plist;
				LD_RUNPATH_SEARCH_PATHS = (
					"$(inherited)",
					"@executable_path/Frameworks",
					"@loader_path/Frameworks",
				);
				PRODUCT_BUNDLE_IDENTIFIER = massimopolimeni.LengthConverterUITests;
				PRODUCT_NAME = "$(TARGET_NAME)";
				SWIFT_VERSION = 5.0;
				TARGETED_DEVICE_FAMILY = "1,2";
				TEST_TARGET_NAME = LengthConverter;
			};
			name = Debug;
		};
		3F54F4AE246AFD3F0046841E /* Release */ = {
			isa = XCBuildConfiguration;
			buildSettings = {
				ALWAYS_EMBED_SWIFT_STANDARD_LIBRARIES = YES;
				CODE_SIGN_STYLE = Automatic;
				INFOPLIST_FILE = LengthConverterUITests/Info.plist;
				LD_RUNPATH_SEARCH_PATHS = (
					"$(inherited)",
					"@executable_path/Frameworks",
					"@loader_path/Frameworks",
				);
				PRODUCT_BUNDLE_IDENTIFIER = massimopolimeni.LengthConverterUITests;
				PRODUCT_NAME = "$(TARGET_NAME)";
				SWIFT_VERSION = 5.0;
				TARGETED_DEVICE_FAMILY = "1,2";
				TEST_TARGET_NAME = LengthConverter;
			};
			name = Release;
		};
/* End XCBuildConfiguration section */

/* Begin XCConfigurationList section */
		3F54F477246AFD3D0046841E /* Build configuration list for PBXProject "LengthConverter" */ = {
			isa = XCConfigurationList;
			buildConfigurations = (
				3F54F4A4246AFD3F0046841E /* Debug */,
				3F54F4A5246AFD3F0046841E /* Release */,
			);
			defaultConfigurationIsVisible = 0;
			defaultConfigurationName = Release;
		};
		3F54F4A6246AFD3F0046841E /* Build configuration list for PBXNativeTarget "LengthConverter" */ = {
			isa = XCConfigurationList;
			buildConfigurations = (
				3F54F4A7246AFD3F0046841E /* Debug */,
				3F54F4A8246AFD3F0046841E /* Release */,
			);
			defaultConfigurationIsVisible = 0;
			defaultConfigurationName = Release;
		};
		3F54F4A9246AFD3F0046841E /* Build configuration list for PBXNativeTarget "LengthConverterTests" */ = {
			isa = XCConfigurationList;
			buildConfigurations = (
				3F54F4AA246AFD3F0046841E /* Debug */,
				3F54F4AB246AFD3F0046841E /* Release */,
			);
			defaultConfigurationIsVisible = 0;
			defaultConfigurationName = Release;
		};
		3F54F4AC246AFD3F0046841E /* Build configuration list for PBXNativeTarget "LengthConverterUITests" */ = {
			isa = XCConfigurationList;
			buildConfigurations = (
				3F54F4AD246AFD3F0046841E /* Debug */,
				3F54F4AE246AFD3F0046841E /* Release */,
			);
			defaultConfigurationIsVisible = 0;
			defaultConfigurationName = Release;
		};
/* End XCConfigurationList section */
	};
	rootObject = 3F54F474246AFD3D0046841E /* Project object */;
}
